
Microsoft Visual Studio Solution File, Format Version 12.00
# Visual Studio 15
VisualStudioVersion = 15.0.27703.2042
MinimumVisualStudioVersion = 10.0.40219.1
Project("{FAE04EC0-301F-11D3-BF4B-00C04F79EFBC}") = "Jin.ChineseName", "Jin.ChineseName\Jin.ChineseName.csproj", "{5A02D4A2-B612-4BF8-9F2D-0C582DD9B66B}"
EndProject
Project("{FAE04EC0-301F-11D3-BF4B-00C04F79EFBC}") = "Jin.ChineseName.Test", "Jin.ChineseName.Test\Jin.ChineseName.Test.csproj", "{62D7CC4F-AA24-43F9-AAA2-A44676C02A0B}"
EndProject
Global
	GlobalSection(SolutionConfigurationPlatforms) = preSolution
		Debug|Any CPU = Debug|Any CPU
		Release|Any CPU = Release|Any CPU
	EndGlobalSection
	GlobalSection(ProjectConfigurationPlatforms) = postSolution
		{5A02D4A2-B612-4BF8-9F2D-0C582DD9B66B}.Debug|Any CPU.ActiveCfg = Debug|Any CPU
		{5A02D4A2-B612-4BF8-9F2D-0C582DD9B66B}.Debug|Any CPU.Build.0 = Debug|Any CPU
		{5A02D4A2-B612-4BF8-9F2D-0C582DD9B66B}.Release|Any CPU.ActiveCfg = Release|Any CPU
		{5A02D4A2-B612-4BF8-9F2D-0C582DD9B66B}.Release|Any CPU.Build.0 = Release|Any CPU
		{62D7CC4F-AA24-43F9-AAA2-A44676C02A0B}.Debug|Any CPU.ActiveCfg = Debug|Any CPU
		{62D7CC4F-AA24-43F9-AAA2-A44676C02A0B}.Debug|Any CPU.Build.0 = Debug|Any CPU
		{62D7CC4F-AA24-43F9-AAA2-A44676C02A0B}.Release|Any CPU.ActiveCfg = Release|Any CPU
		{62D7CC4F-AA24-43F9-AAA2-A44676C02A0B}.Release|Any CPU.Build.0 = Release|Any CPU
	EndGlobalSection
	GlobalSection(SolutionProperties) = preSolution
		HideSolutionNode = FALSE
	EndGlobalSection
	GlobalSection(ExtensibilityGlobals) = postSolution
		SolutionGuid = {B1D11682-E470-4CAB-9B7C-A03A60C9A2F3}
	EndGlobalSection
EndGlobal
